
Microsoft Visual Studio Solution File, Format Version 12.00
# Visual Studio Version 17
VisualStudioVersion = 17.5.33103.201
MinimumVisualStudioVersion = 10.0.40219.1
Project("{FAE04EC0-301F-11D3-BF4B-00C04F79EFBC}") = "NPKProgress", "NPKProgress\NPKProgress.csproj", "{34288FD7-8E78-4F67-9B06-FC9A73E7B89B}"
EndProject
Global
	GlobalSection(SolutionConfigurationPlatforms) = preSolution
		Debug|Any CPU = Debug|Any CPU
		Release|Any CPU = Release|Any CPU
	EndGlobalSection
	GlobalSection(ProjectConfigurationPlatforms) = postSolution
		{34288FD7-8E78-4F67-9B06-FC9A73E7B89B}.Debug|Any CPU.ActiveCfg = Debug|Any CPU
		{34288FD7-8E78-4F67-9B06-FC9A73E7B89B}.Debug|Any CPU.Build.0 = Debug|Any CPU
		{34288FD7-8E78-4F67-9B06-FC9A73E7B89B}.Release|Any CPU.ActiveCfg = Release|Any CPU
		{34288FD7-8E78-4F67-9B06-FC9A73E7B89B}.Release|Any CPU.Build.0 = Release|Any CPU
	EndGlobalSection
	GlobalSection(SolutionProperties) = preSolution
		HideSolutionNode = FALSE
	EndGlobalSection
	GlobalSection(ExtensibilityGlobals) = postSolution
		SolutionGuid = {39CA3936-A118-44E3-BEB8-260B165FE2BB}
	EndGlobalSection
EndGlobal
